// !$*UTF8*$!
{
	archiveVersion = 1;
	classes = {
	};
	objectVersion = 50;
	objects = {

/* Begin PBXBuildFile section */
		37A04A982416CF7300F95281 /* AppDelegate.swift in Sources */ = {isa = PBXBuildFile; fileRef = 37A04A972416CF7300F95281 /* AppDelegate.swift */; };
		37A04A9A2416CF7300F95281 /* SceneDelegate.swift in Sources */ = {isa = PBXBuildFile; fileRef = 37A04A992416CF7300F95281 /* SceneDelegate.swift */; };
		37A04A9D2416CF7300F95281 /* Souvenirs.xcdatamodeld in Sources */ = {isa = PBXBuildFile; fileRef = 37A04A9B2416CF7300F95281 /* Souvenirs.xcdatamodeld */; };
		37A04A9F2416CF7300F95281 /* ContentView.swift in Sources */ = {isa = PBXBuildFile; fileRef = 37A04A9E2416CF7300F95281 /* ContentView.swift */; };
		37A04AA12416CF7500F95281 /* Assets.xcassets in Resources */ = {isa = PBXBuildFile; fileRef = 37A04AA02416CF7500F95281 /* Assets.xcassets */; };
		37A04AA42416CF7500F95281 /* Preview Assets.xcassets in Resources */ = {isa = PBXBuildFile; fileRef = 37A04AA32416CF7500F95281 /* Preview Assets.xcassets */; };
		37A04AA72416CF7500F95281 /* LaunchScreen.storyboard in Resources */ = {isa = PBXBuildFile; fileRef = 37A04AA52416CF7500F95281 /* LaunchScreen.storyboard */; };
		FAB36F35243CD63F00C4E478 /* TextMessageView.swift in Sources */ = {isa = PBXBuildFile; fileRef = FAB36F34243CD63F00C4E478 /* TextMessageView.swift */; };
		FAB36F37243CF7CD00C4E478 /* ButtonView.swift in Sources */ = {isa = PBXBuildFile; fileRef = FAB36F36243CF7CD00C4E478 /* ButtonView.swift */; };
/* End PBXBuildFile section */

/* Begin PBXFileReference section */
		37A04A942416CF7300F95281 /* Souvenirs.app */ = {isa = PBXFileReference; explicitFileType = wrapper.application; includeInIndex = 0; path = Souvenirs.app; sourceTree = BUILT_PRODUCTS_DIR; };
		37A04A972416CF7300F95281 /* AppDelegate.swift */ = {isa = PBXFileReference; lastKnownFileType = sourcecode.swift; path = AppDelegate.swift; sourceTree = "<group>"; };
		37A04A992416CF7300F95281 /* SceneDelegate.swift */ = {isa = PBXFileReference; lastKnownFileType = sourcecode.swift; path = SceneDelegate.swift; sourceTree = "<group>"; };
		37A04A9C2416CF7300F95281 /* Souvenirs.xcdatamodel */ = {isa = PBXFileReference; lastKnownFileType = wrapper.xcdatamodel; path = Souvenirs.xcdatamodel; sourceTree = "<group>"; };
		37A04A9E2416CF7300F95281 /* ContentView.swift */ = {isa = PBXFileReference; lastKnownFileType = sourcecode.swift; path = ContentView.swift; sourceTree = "<group>"; };
		37A04AA02416CF7500F95281 /* Assets.xcassets */ = {isa = PBXFileReference; lastKnownFileType = folder.assetcatalog; path = Assets.xcassets; sourceTree = "<group>"; };
		37A04AA32416CF7500F95281 /* Preview Assets.xcassets */ = {isa = PBXFileReference; lastKnownFileType = folder.assetcatalog; path = "Preview Assets.xcassets"; sourceTree = "<group>"; };
		37A04AA62416CF7500F95281 /* Base */ = {isa = PBXFileReference; lastKnownFileType = file.storyboard; name = Base; path = Base.lproj/LaunchScreen.storyboard; sourceTree = "<group>"; };
		37A04AA82416CF7500F95281 /* Info.plist */ = {isa = PBXFileReference; lastKnownFileType = text.plist.xml; path = Info.plist; sourceTree = "<group>"; };
		FAB36F34243CD63F00C4E478 /* TextMessageView.swift */ = {isa = PBXFileReference; lastKnownFileType = sourcecode.swift; path = TextMessageView.swift; sourceTree = "<group>"; };
		FAB36F36243CF7CD00C4E478 /* ButtonView.swift */ = {isa = PBXFileReference; lastKnownFileType = sourcecode.swift; path = ButtonView.swift; sourceTree = "<group>"; };
/* End PBXFileReference section */

/* Begin PBXFrameworksBuildPhase section */
		37A04A912416CF7300F95281 /* Frameworks */ = {
			isa = PBXFrameworksBuildPhase;
			buildActionMask = 2147483647;
			files = (
			);
			runOnlyForDeploymentPostprocessing = 0;
		};
/* End PBXFrameworksBuildPhase section */

/* Begin PBXGroup section */
		37A04A8B2416CF7300F95281 = {
			isa = PBXGroup;
			children = (
				37A04A962416CF7300F95281 /* Souvenirs */,
				37A04A952416CF7300F95281 /* Products */,
			);
			sourceTree = "<group>";
		};
		37A04A952416CF7300F95281 /* Products */ = {
			isa = PBXGroup;
			children = (
				37A04A942416CF7300F95281 /* Souvenirs.app */,
			);
			name = Products;
			sourceTree = "<group>";
		};
		37A04A962416CF7300F95281 /* Souvenirs */ = {
			isa = PBXGroup;
			children = (
				37A04A972416CF7300F95281 /* AppDelegate.swift */,
				37A04A992416CF7300F95281 /* SceneDelegate.swift */,
				37A04A9E2416CF7300F95281 /* ContentView.swift */,
				FAB36F36243CF7CD00C4E478 /* ButtonView.swift */,
				FAB36F34243CD63F00C4E478 /* TextMessageView.swift */,
				37A04AA02416CF7500F95281 /* Assets.xcassets */,
				37A04AA52416CF7500F95281 /* LaunchScreen.storyboard */,
				37A04AA82416CF7500F95281 /* Info.plist */,
				37A04A9B2416CF7300F95281 /* Souvenirs.xcdatamodeld */,
				37A04AA22416CF7500F95281 /* Preview Content */,
			);
			path = Souvenirs;
			sourceTree = "<group>";
		};
		37A04AA22416CF7500F95281 /* Preview Content */ = {
			isa = PBXGroup;
			children = (
				37A04AA32416CF7500F95281 /* Preview Assets.xcassets */,
			);
			path = "Preview Content";
			sourceTree = "<group>";
		};
/* End PBXGroup section */

/* Begin PBXNativeTarget section */
		37A04A932416CF7300F95281 /* Souvenirs */ = {
			isa = PBXNativeTarget;
			buildConfigurationList = 37A04AAB2416CF7500F95281 /* Build configuration list for PBXNativeTarget "Souvenirs" */;
			buildPhases = (
				37A04A902416CF7300F95281 /* Sources */,
				37A04A912416CF7300F95281 /* Frameworks */,
				37A04A922416CF7300F95281 /* Resources */,
			);
			buildRules = (
			);
			dependencies = (
			);
			name = Souvenirs;
			productName = Souvenirs;
			productReference = 37A04A942416CF7300F95281 /* Souvenirs.app */;
			productType = "com.apple.product-type.application";
		};
/* End PBXNativeTarget section */

/* Begin PBXProject section */
		37A04A8C2416CF7300F95281 /* Project object */ = {
			isa = PBXProject;
			attributes = {
				LastSwiftUpdateCheck = 1130;
				LastUpgradeCheck = 1130;
				ORGANIZATIONNAME = PIkallos;
				TargetAttributes = {
					37A04A932416CF7300F95281 = {
						CreatedOnToolsVersion = 11.3.1;
					};
				};
			};
			buildConfigurationList = 37A04A8F2416CF7300F95281 /* Build configuration list for PBXProject "Souvenirs" */;
			compatibilityVersion = "Xcode 9.3";
			developmentRegion = en;
			hasScannedForEncodings = 0;
			knownRegions = (
				en,
				Base,
			);
			mainGroup = 37A04A8B2416CF7300F95281;
			productRefGroup = 37A04A952416CF7300F95281 /* Products */;
			projectDirPath = "";
			projectRoot = "";
			targets = (
				37A04A932416CF7300F95281 /* Souvenirs */,
			);
		};
/* End PBXProject section */

/* Begin PBXResourcesBuildPhase section */
		37A04A922416CF7300F95281 /* Resources */ = {
			isa = PBXResourcesBuildPhase;
			buildActionMask = 2147483647;
			files = (
				37A04AA72416CF7500F95281 /* LaunchScreen.storyboard in Resources */,
				37A04AA42416CF7500F95281 /* Preview Assets.xcassets in Resources */,
				37A04AA12416CF7500F95281 /* Assets.xcassets in Resources */,
			);
			runOnlyForDeploymentPostprocessing = 0;
		};
/* End PBXResourcesBuildPhase section */

/* Begin PBXSourcesBuildPhase section */
		37A04A902416CF7300F95281 /* Sources */ = {
			isa = PBXSourcesBuildPhase;
			buildActionMask = 2147483647;
			files = (
				37A04A982416CF7300F95281 /* AppDelegate.swift in Sources */,
				37A04A9A2416CF7300F95281 /* SceneDelegate.swift in Sources */,
				FAB36F37243CF7CD00C4E478 /* ButtonView.swift in Sources */,
				37A04A9F2416CF7300F95281 /* ContentView.swift in Sources */,
				37A04A9D2416CF7300F95281 /* Souvenirs.xcdatamodeld in Sources */,
				FAB36F35243CD63F00C4E478 /* TextMessageView.swift in Sources */,
			);
			runOnlyForDeploymentPostprocessing = 0;
		};
/* End PBXSourcesBuildPhase section */

/* Begin PBXVariantGroup section */
		37A04AA52416CF7500F95281 /* LaunchScreen.storyboard */ = {
			isa = PBXVariantGroup;
			children = (
				37A04AA62416CF7500F95281 /* Base */,
			);
			name = LaunchScreen.storyboard;
			sourceTree = "<group>";
		};
/* End PBXVariantGroup section */

/* Begin XCBuildConfiguration section */
		37A04AA92416CF7500F95281 /* Debug */ = {
			isa = XCBuildConfiguration;
			buildSettings = {
				ALWAYS_SEARCH_USER_PATHS = NO;
				CLANG_ANALYZER_NONNULL = YES;
				CLANG_ANALYZER_NUMBER_OBJECT_CONVERSION = YES_AGGRESSIVE;
				CLANG_CXX_LANGUAGE_STANDARD = "gnu++14";
				CLANG_CXX_LIBRARY = "libc++";
				CLANG_ENABLE_MODULES = YES;
				CLANG_ENABLE_OBJC_ARC = YES;
				CLANG_ENABLE_OBJC_WEAK = YES;
				CLANG_WARN_BLOCK_CAPTURE_AUTORELEASING = YES;
				CLANG_WARN_BOOL_CONVERSION = YES;
				CLANG_WARN_COMMA = YES;
				CLANG_WARN_CONSTANT_CONVERSION = YES;
				CLANG_WARN_DEPRECATED_OBJC_IMPLEMENTATIONS = YES;
				CLANG_WARN_DIRECT_OBJC_ISA_USAGE = YES_ERROR;
				CLANG_WARN_DOCUMENTATION_COMMENTS = YES;
				CLANG_WARN_EMPTY_BODY = YES;
				CLANG_WARN_ENUM_CONVERSION = YES;
				CLANG_WARN_INFINITE_RECURSION = YES;
				CLANG_WARN_INT_CONVERSION = YES;
				CLANG_WARN_NON_LITERAL_NULL_CONVERSION = YES;
				CLANG_WARN_OBJC_IMPLICIT_RETAIN_SELF = YES;
				CLANG_WARN_OBJC_LITERAL_CONVERSION = YES;
				CLANG_WARN_OBJC_ROOT_CLASS = YES_ERROR;
				CLANG_WARN_RANGE_LOOP_ANALYSIS = YES;
				CLANG_WARN_STRICT_PROTOTYPES = YES;
				CLANG_WARN_SUSPICIOUS_MOVE = YES;
				CLANG_WARN_UNGUARDED_AVAILABILITY = YES_AGGRESSIVE;
				CLANG_WARN_UNREACHABLE_CODE = YES;
				CLANG_WARN__DUPLICATE_METHOD_MATCH = YES;
				COPY_PHASE_STRIP = NO;
				DEBUG_INFORMATION_FORMAT = dwarf;
				ENABLE_STRICT_OBJC_MSGSEND = YES;
				ENABLE_TESTABILITY = YES;
				GCC_C_LANGUAGE_STANDARD = gnu11;
				GCC_DYNAMIC_NO_PIC = NO;
				GCC_NO_COMMON_BLOCKS = YES;
				GCC_OPTIMIZATION_LEVEL = 0;
				GCC_PREPROCESSOR_DEFINITIONS = (
					"DEBUG=1",
					"$(inherited)",
				);
				GCC_WARN_64_TO_32_BIT_CONVERSION = YES;
				GCC_WARN_ABOUT_RETURN_TYPE = YES_ERROR;
				GCC_WARN_UNDECLARED_SELECTOR = YES;
				GCC_WARN_UNINITIALIZED_AUTOS = YES_AGGRESSIVE;
				GCC_WARN_UNUSED_FUNCTION = YES;
				GCC_WARN_UNUSED_VARIABLE = YES;
				IPHONEOS_DEPLOYMENT_TARGET = 13.2;
				MTL_ENABLE_DEBUG_INFO = INCLUDE_SOURCE;
				MTL_FAST_MATH = YES;
				ONLY_ACTIVE_ARCH = YES;
				SDKROOT = iphoneos;
				SWIFT_ACTIVE_COMPILATION_CONDITIONS = DEBUG;
				SWIFT_OPTIMIZATION_LEVEL = "-Onone";
			};
			name = Debug;
		};
		37A04AAA2416CF7500F95281 /* Release */ = {
			isa = XCBuildConfiguration;
			buildSettings = {
				ALWAYS_SEARCH_USER_PATHS = NO;
				CLANG_ANALYZER_NONNULL = YES;
				CLANG_ANALYZER_NUMBER_OBJECT_CONVERSION = YES_AGGRESSIVE;
				CLANG_CXX_LANGUAGE_STANDARD = "gnu++14";
				CLANG_CXX_LIBRARY = "libc++";
				CLANG_ENABLE_MODULES = YES;
				CLANG_ENABLE_OBJC_ARC = YES;
				CLANG_ENABLE_OBJC_WEAK = YES;
				CLANG_WARN_BLOCK_CAPTURE_AUTORELEASING = YES;
				CLANG_WARN_BOOL_CONVERSION = YES;
				CLANG_WARN_COMMA = YES;
				CLANG_WARN_CONSTANT_CONVERSION = YES;
				CLANG_WARN_DEPRECATED_OBJC_IMPLEMENTATIONS = YES;
				CLANG_WARN_DIRECT_OBJC_ISA_USAGE = YES_ERROR;
				CLANG_WARN_DOCUMENTATION_COMMENTS = YES;
				CLANG_WARN_EMPTY_BODY = YES;
				CLANG_WARN_ENUM_CONVERSION = YES;
				CLANG_WARN_INFINITE_RECURSION = YES;
				CLANG_WARN_INT_CONVERSION = YES;
				CLANG_WARN_NON_LITERAL_NULL_CONVERSION = YES;
				CLANG_WARN_OBJC_IMPLICIT_RETAIN_SELF = YES;
				CLANG_WARN_OBJC_LITERAL_CONVERSION = YES;
				CLANG_WARN_OBJC_ROOT_CLASS = YES_ERROR;
				CLANG_WARN_RANGE_LOOP_ANALYSIS = YES;
				CLANG_WARN_STRICT_PROTOTYPES = YES;
				CLANG_WARN_SUSPICIOUS_MOVE = YES;
				CLANG_WARN_UNGUARDED_AVAILABILITY = YES_AGGRESSIVE;
				CLANG_WARN_UNREACHABLE_CODE = YES;
				CLANG_WARN__DUPLICATE_METHOD_MATCH = YES;
				COPY_PHASE_STRIP = NO;
				DEBUG_INFORMATION_FORMAT = "dwarf-with-dsym";
				ENABLE_NS_ASSERTIONS = NO;
				ENABLE_STRICT_OBJC_MSGSEND = YES;
				GCC_C_LANGUAGE_STANDARD = gnu11;
				GCC_NO_COMMON_BLOCKS = YES;
				GCC_WARN_64_TO_32_BIT_CONVERSION = YES;
				GCC_WARN_ABOUT_RETURN_TYPE = YES_ERROR;
				GCC_WARN_UNDECLARED_SELECTOR = YES;
				GCC_WARN_UNINITIALIZED_AUTOS = YES_AGGRESSIVE;
				GCC_WARN_UNUSED_FUNCTION = YES;
				GCC_WARN_UNUSED_VARIABLE = YES;
				IPHONEOS_DEPLOYMENT_TARGET = 13.2;
				MTL_ENABLE_DEBUG_INFO = NO;
				MTL_FAST_MATH = YES;
				SDKROOT = iphoneos;
				SWIFT_COMPILATION_MODE = wholemodule;
				SWIFT_OPTIMIZATION_LEVEL = "-O";
				VALIDATE_PRODUCT = YES;
			};
			name = Release;
		};
		37A04AAC2416CF7500F95281 /* Debug */ = {
			isa = XCBuildConfiguration;
			buildSettings = {
				ASSETCATALOG_COMPILER_APPICON_NAME = AppIcon;
				CODE_SIGN_STYLE = Automatic;
				DEVELOPMENT_ASSET_PATHS = "\"Souvenirs/Preview Content\"";
				DEVELOPMENT_TEAM = V6MSC7KDV7;
				ENABLE_PREVIEWS = YES;
				INFOPLIST_FILE = Souvenirs/Info.plist;
				LD_RUNPATH_SEARCH_PATHS = (
					"$(inherited)",
					"@executable_path/Frameworks",
				);
				PRODUCT_BUNDLE_IDENTIFIER = pikallos.Souvenirs;
				PRODUCT_NAME = "$(TARGET_NAME)";
				SWIFT_VERSION = 5.0;
				TARGETED_DEVICE_FAMILY = "1,2";
			};
			name = Debug;
		};
		37A04AAD2416CF7500F95281 /* Release */ = {
			isa = XCBuildConfiguration;
			buildSettings = {
				ASSETCATALOG_COMPILER_APPICON_NAME = AppIcon;
				CODE_SIGN_STYLE = Automatic;
				DEVELOPMENT_ASSET_PATHS = "\"Souvenirs/Preview Content\"";
				DEVELOPMENT_TEAM = V6MSC7KDV7;
				ENABLE_PREVIEWS = YES;
				INFOPLIST_FILE = Souvenirs/Info.plist;
				LD_RUNPATH_SEARCH_PATHS = (
					"$(inherited)",
					"@executable_path/Frameworks",
				);
				PRODUCT_BUNDLE_IDENTIFIER = pikallos.Souvenirs;
				PRODUCT_NAME = "$(TARGET_NAME)";
				SWIFT_VERSION = 5.0;
				TARGETED_DEVICE_FAMILY = "1,2";
			};
			name = Release;
		};
/* End XCBuildConfiguration section */

/* Begin XCConfigurationList section */
		37A04A8F2416CF7300F95281 /* Build configuration list for PBXProject "Souvenirs" */ = {
			isa = XCConfigurationList;
			buildConfigurations = (
				37A04AA92416CF7500F95281 /* Debug */,
				37A04AAA2416CF7500F95281 /* Release */,
			);
			defaultConfigurationIsVisible = 0;
			defaultConfigurationName = Release;
		};
		37A04AAB2416CF7500F95281 /* Build configuration list for PBXNativeTarget "Souvenirs" */ = {
			isa = XCConfigurationList;
			buildConfigurations = (
				37A04AAC2416CF7500F95281 /* Debug */,
				37A04AAD2416CF7500F95281 /* Release */,
			);
			defaultConfigurationIsVisible = 0;
			defaultConfigurationName = Release;
		};
/* End XCConfigurationList section */

/* Begin XCVersionGroup section */
		37A04A9B2416CF7300F95281 /* Souvenirs.xcdatamodeld */ = {
			isa = XCVersionGroup;
			children = (
				37A04A9C2416CF7300F95281 /* Souvenirs.xcdatamodel */,
			);
			currentVersion = 37A04A9C2416CF7300F95281 /* Souvenirs.xcdatamodel */;
			path = Souvenirs.xcdatamodeld;
			sourceTree = "<group>";
			versionGroupType = wrapper.xcdatamodel;
		};
/* End XCVersionGroup section */
	};
	rootObject = 37A04A8C2416CF7300F95281 /* Project object */;
}
